
Microsoft Visual Studio Solution File, Format Version 12.00
# Visual Studio Version 16
VisualStudioVersion = 16.0.29609.76
MinimumVisualStudioVersion = 10.0.40219.1
Project("{FAE04EC0-301F-11D3-BF4B-00C04F79EFBC}") = "NavyPQS", "NavyPQS.csproj", "{6B43CEE0-612A-4E7D-9FF4-5A32A5400F84}"
EndProject
Global
	GlobalSection(SolutionConfigurationPlatforms) = preSolution
		Debug|Any CPU = Debug|Any CPU
		Release|Any CPU = Release|Any CPU
	EndGlobalSection
	GlobalSection(ProjectConfigurationPlatforms) = postSolution
		{6B43CEE0-612A-4E7D-9FF4-5A32A5400F84}.Debug|Any CPU.ActiveCfg = Debug|Any CPU
		{6B43CEE0-612A-4E7D-9FF4-5A32A5400F84}.Debug|Any CPU.Build.0 = Debug|Any CPU
		{6B43CEE0-612A-4E7D-9FF4-5A32A5400F84}.Release|Any CPU.ActiveCfg = Release|Any CPU
		{6B43CEE0-612A-4E7D-9FF4-5A32A5400F84}.Release|Any CPU.Build.0 = Release|Any CPU
	EndGlobalSection
	GlobalSection(SolutionProperties) = preSolution
		HideSolutionNode = FALSE
	EndGlobalSection
	GlobalSection(ExtensibilityGlobals) = postSolution
		SolutionGuid = {48ADDF81-1069-4D80-BBAC-42679339A567}
	EndGlobalSection
EndGlobal
